
Microsoft Visual Studio Solution File, Format Version 12.00
# Visual Studio Version 16
VisualStudioVersion = 16.0.31624.102
MinimumVisualStudioVersion = 10.0.40219.1
Project("{FAE04EC0-301F-11D3-BF4B-00C04F79EFBC}") = "Test", "Test\Test.csproj", "{2D9651C9-5BB5-482C-A5EA-888721D35C1E}"
EndProject
Global
	GlobalSection(SolutionConfigurationPlatforms) = preSolution
		Debug|Any CPU = Debug|Any CPU
		Release|Any CPU = Release|Any CPU
	EndGlobalSection
	GlobalSection(ProjectConfigurationPlatforms) = postSolution
		{2D9651C9-5BB5-482C-A5EA-888721D35C1E}.Debug|Any CPU.ActiveCfg = Debug|Any CPU
		{2D9651C9-5BB5-482C-A5EA-888721D35C1E}.Debug|Any CPU.Build.0 = Debug|Any CPU
		{2D9651C9-5BB5-482C-A5EA-888721D35C1E}.Release|Any CPU.ActiveCfg = Release|Any CPU
		{2D9651C9-5BB5-482C-A5EA-888721D35C1E}.Release|Any CPU.Build.0 = Release|Any CPU
	EndGlobalSection
	GlobalSection(SolutionProperties) = preSolution
		HideSolutionNode = FALSE
	EndGlobalSection
	GlobalSection(ExtensibilityGlobals) = postSolution
		SolutionGuid = {E9892FF9-37BD-403A-B99F-9D04A78049D1}
	EndGlobalSection
EndGlobal
